
Microsoft Visual Studio Solution File, Format Version 12.00
# Visual Studio 15
VisualStudioVersion = 15.0.26124.0
MinimumVisualStudioVersion = 15.0.26124.0
Project("{FAE04EC0-301F-11D3-BF4B-00C04F79EFBC}") = "ProAgil.API", "ProAgil.API\ProAgil.API.csproj", "{02EBDA35-FAC8-4051-8E0E-C783FC142AD8}"
EndProject
Project("{FAE04EC0-301F-11D3-BF4B-00C04F79EFBC}") = "ProAgil.Repository", "ProAgil.Repository\ProAgil.Repository.csproj", "{D0E49647-9166-4244-A748-89C4661B1A5C}"
EndProject
Project("{FAE04EC0-301F-11D3-BF4B-00C04F79EFBC}") = "ProAgil.Domain", "ProAgil.Domain\ProAgil.Domain.csproj", "{A70A662A-BE3F-4551-B84E-8758E60F4FF5}"
EndProject
Global
	GlobalSection(SolutionConfigurationPlatforms) = preSolution
		Debug|Any CPU = Debug|Any CPU
		Debug|x64 = Debug|x64
		Debug|x86 = Debug|x86
		Release|Any CPU = Release|Any CPU
		Release|x64 = Release|x64
		Release|x86 = Release|x86
	EndGlobalSection
	GlobalSection(SolutionProperties) = preSolution
		HideSolutionNode = FALSE
	EndGlobalSection
	GlobalSection(ProjectConfigurationPlatforms) = postSolution
		{02EBDA35-FAC8-4051-8E0E-C783FC142AD8}.Debug|Any CPU.ActiveCfg = Debug|Any CPU
		{02EBDA35-FAC8-4051-8E0E-C783FC142AD8}.Debug|Any CPU.Build.0 = Debug|Any CPU
		{02EBDA35-FAC8-4051-8E0E-C783FC142AD8}.Debug|x64.ActiveCfg = Debug|Any CPU
		{02EBDA35-FAC8-4051-8E0E-C783FC142AD8}.Debug|x64.Build.0 = Debug|Any CPU
		{02EBDA35-FAC8-4051-8E0E-C783FC142AD8}.Debug|x86.ActiveCfg = Debug|Any CPU
		{02EBDA35-FAC8-4051-8E0E-C783FC142AD8}.Debug|x86.Build.0 = Debug|Any CPU
		{02EBDA35-FAC8-4051-8E0E-C783FC142AD8}.Release|Any CPU.ActiveCfg = Release|Any CPU
		{02EBDA35-FAC8-4051-8E0E-C783FC142AD8}.Release|Any CPU.Build.0 = Release|Any CPU
		{02EBDA35-FAC8-4051-8E0E-C783FC142AD8}.Release|x64.ActiveCfg = Release|Any CPU
		{02EBDA35-FAC8-4051-8E0E-C783FC142AD8}.Release|x64.Build.0 = Release|Any CPU
		{02EBDA35-FAC8-4051-8E0E-C783FC142AD8}.Release|x86.ActiveCfg = Release|Any CPU
		{02EBDA35-FAC8-4051-8E0E-C783FC142AD8}.Release|x86.Build.0 = Release|Any CPU
		{D0E49647-9166-4244-A748-89C4661B1A5C}.Debug|Any CPU.ActiveCfg = Debug|Any CPU
		{D0E49647-9166-4244-A748-89C4661B1A5C}.Debug|Any CPU.Build.0 = Debug|Any CPU
		{D0E49647-9166-4244-A748-89C4661B1A5C}.Debug|x64.ActiveCfg = Debug|Any CPU
		{D0E49647-9166-4244-A748-89C4661B1A5C}.Debug|x64.Build.0 = Debug|Any CPU
		{D0E49647-9166-4244-A748-89C4661B1A5C}.Debug|x86.ActiveCfg = Debug|Any CPU
		{D0E49647-9166-4244-A748-89C4661B1A5C}.Debug|x86.Build.0 = Debug|Any CPU
		{D0E49647-9166-4244-A748-89C4661B1A5C}.Release|Any CPU.ActiveCfg = Release|Any CPU
		{D0E49647-9166-4244-A748-89C4661B1A5C}.Release|Any CPU.Build.0 = Release|Any CPU
		{D0E49647-9166-4244-A748-89C4661B1A5C}.Release|x64.ActiveCfg = Release|Any CPU
		{D0E49647-9166-4244-A748-89C4661B1A5C}.Release|x64.Build.0 = Release|Any CPU
		{D0E49647-9166-4244-A748-89C4661B1A5C}.Release|x86.ActiveCfg = Release|Any CPU
		{D0E49647-9166-4244-A748-89C4661B1A5C}.Release|x86.Build.0 = Release|Any CPU
		{A70A662A-BE3F-4551-B84E-8758E60F4FF5}.Debug|Any CPU.ActiveCfg = Debug|Any CPU
		{A70A662A-BE3F-4551-B84E-8758E60F4FF5}.Debug|Any CPU.Build.0 = Debug|Any CPU
		{A70A662A-BE3F-4551-B84E-8758E60F4FF5}.Debug|x64.ActiveCfg = Debug|Any CPU
		{A70A662A-BE3F-4551-B84E-8758E60F4FF5}.Debug|x64.Build.0 = Debug|Any CPU
		{A70A662A-BE3F-4551-B84E-8758E60F4FF5}.Debug|x86.ActiveCfg = Debug|Any CPU
		{A70A662A-BE3F-4551-B84E-8758E60F4FF5}.Debug|x86.Build.0 = Debug|Any CPU
		{A70A662A-BE3F-4551-B84E-8758E60F4FF5}.Release|Any CPU.ActiveCfg = Release|Any CPU
		{A70A662A-BE3F-4551-B84E-8758E60F4FF5}.Release|Any CPU.Build.0 = Release|Any CPU
		{A70A662A-BE3F-4551-B84E-8758E60F4FF5}.Release|x64.ActiveCfg = Release|Any CPU
		{A70A662A-BE3F-4551-B84E-8758E60F4FF5}.Release|x64.Build.0 = Release|Any CPU
		{A70A662A-BE3F-4551-B84E-8758E60F4FF5}.Release|x86.ActiveCfg = Release|Any CPU
		{A70A662A-BE3F-4551-B84E-8758E60F4FF5}.Release|x86.Build.0 = Release|Any CPU
	EndGlobalSection
EndGlobal
